<?xml version="1.0" encoding="utf-8"?>
<Project ToolsVersion="16.0" xmlns="http://schemas.microsoft.com/developer/msbuild/2003">
  <ItemGroup>
    <ClCompile Include="D:\Code\puerts@pixui\v8_quickjs_backend2\src\v8-impl.cc">
      <Filter>Source Files</Filter>
    </ClCompile>
  </ItemGroup>
  <ItemGroup>
    <CustomBuild Include="D:\Code\puerts@pixui\v8_quickjs_backend2\CMakeLists.txt" />
  </ItemGroup>
  <ItemGroup>
    <Filter Include="Source Files">
      <UniqueIdentifier>{2DAA86CE-1390-3FB5-94D8-638F4A898AC5}</UniqueIdentifier>
    </Filter>
  </ItemGroup>
</Project>
