
Microsoft Visual Studio Solution File, Format Version 12.00
# Visual Studio Version 16
Project("{8BC9CEB8-8B4A-11D0-8D11-00A0C91BC942}") = "ALL_BUILD", "ALL_BUILD.vcxproj", "{D01D3DE9-3B7F-3012-9DAF-BB01F5DDACEA}"
	ProjectSection(ProjectDependencies) = postProject
		{3923FCDF-4E52-39E3-B204-DEE2779DFED9} = {3923FCDF-4E52-39E3-B204-DEE2779DFED9}
		{FD5DCD28-E4E9-3E52-B3BD-1E3DAD1562C0} = {FD5DCD28-E4E9-3E52-B3BD-1E3DAD1562C0}
	EndProjectSection
EndProject
Project("{8BC9CEB8-8B4A-11D0-8D11-00A0C91BC942}") = "ZERO_CHECK", "ZERO_CHECK.vcxproj", "{3923FCDF-4E52-39E3-B204-DEE2779DFED9}"
	ProjectSection(ProjectDependencies) = postProject
	EndProjectSection
EndProject
Project("{8BC9CEB8-8B4A-11D0-8D11-00A0C91BC942}") = "v8qjs", "v8qjs.vcxproj", "{FD5DCD28-E4E9-3E52-B3BD-1E3DAD1562C0}"
	ProjectSection(ProjectDependencies) = postProject
		{3923FCDF-4E52-39E3-B204-DEE2779DFED9} = {3923FCDF-4E52-39E3-B204-DEE2779DFED9}
	EndProjectSection
EndProject
Global
	GlobalSection(SolutionConfigurationPlatforms) = preSolution
		Debug|x64 = Debug|x64
		Release|x64 = Release|x64
		MinSizeRel|x64 = MinSizeRel|x64
		RelWithDebInfo|x64 = RelWithDebInfo|x64
	EndGlobalSection
	GlobalSection(ProjectConfigurationPlatforms) = postSolution
		{D01D3DE9-3B7F-3012-9DAF-BB01F5DDACEA}.Debug|x64.ActiveCfg = Debug|x64
		{D01D3DE9-3B7F-3012-9DAF-BB01F5DDACEA}.Release|x64.ActiveCfg = Release|x64
		{D01D3DE9-3B7F-3012-9DAF-BB01F5DDACEA}.MinSizeRel|x64.ActiveCfg = MinSizeRel|x64
		{D01D3DE9-3B7F-3012-9DAF-BB01F5DDACEA}.RelWithDebInfo|x64.ActiveCfg = RelWithDebInfo|x64
		{3923FCDF-4E52-39E3-B204-DEE2779DFED9}.Debug|x64.ActiveCfg = Debug|x64
		{3923FCDF-4E52-39E3-B204-DEE2779DFED9}.Debug|x64.Build.0 = Debug|x64
		{3923FCDF-4E52-39E3-B204-DEE2779DFED9}.Release|x64.ActiveCfg = Release|x64
		{3923FCDF-4E52-39E3-B204-DEE2779DFED9}.Release|x64.Build.0 = Release|x64
		{3923FCDF-4E52-39E3-B204-DEE2779DFED9}.MinSizeRel|x64.ActiveCfg = MinSizeRel|x64
		{3923FCDF-4E52-39E3-B204-DEE2779DFED9}.MinSizeRel|x64.Build.0 = MinSizeRel|x64
		{3923FCDF-4E52-39E3-B204-DEE2779DFED9}.RelWithDebInfo|x64.ActiveCfg = RelWithDebInfo|x64
		{3923FCDF-4E52-39E3-B204-DEE2779DFED9}.RelWithDebInfo|x64.Build.0 = RelWithDebInfo|x64
		{FD5DCD28-E4E9-3E52-B3BD-1E3DAD1562C0}.Debug|x64.ActiveCfg = Debug|x64
		{FD5DCD28-E4E9-3E52-B3BD-1E3DAD1562C0}.Debug|x64.Build.0 = Debug|x64
		{FD5DCD28-E4E9-3E52-B3BD-1E3DAD1562C0}.Release|x64.ActiveCfg = Release|x64
		{FD5DCD28-E4E9-3E52-B3BD-1E3DAD1562C0}.Release|x64.Build.0 = Release|x64
		{FD5DCD28-E4E9-3E52-B3BD-1E3DAD1562C0}.MinSizeRel|x64.ActiveCfg = MinSizeRel|x64
		{FD5DCD28-E4E9-3E52-B3BD-1E3DAD1562C0}.MinSizeRel|x64.Build.0 = MinSizeRel|x64
		{FD5DCD28-E4E9-3E52-B3BD-1E3DAD1562C0}.RelWithDebInfo|x64.ActiveCfg = RelWithDebInfo|x64
		{FD5DCD28-E4E9-3E52-B3BD-1E3DAD1562C0}.RelWithDebInfo|x64.Build.0 = RelWithDebInfo|x64
	EndGlobalSection
	GlobalSection(ExtensibilityGlobals) = postSolution
		SolutionGuid = {9CBA1016-0942-3B07-9492-8F7991B590BD}
	EndGlobalSection
	GlobalSection(ExtensibilityAddIns) = postSolution
	EndGlobalSection
EndGlobal
