<?xml version="1.0" encoding="utf-8"?>
<Project ToolsVersion="16.0" xmlns="http://schemas.microsoft.com/developer/msbuild/2003">
  <ItemGroup>
    <CustomBuild Include="D:\Code\puerts@pixui\v8_quickjs_backend2\build64\CMakeFiles\7361dbb447f71bd851c5fe6a28fcd0ae\generate.stamp.rule">
      <Filter>CMake Rules</Filter>
    </CustomBuild>
  </ItemGroup>
  <ItemGroup>
    <Filter Include="CMake Rules">
      <UniqueIdentifier>{4F9AB6E8-F940-36D8-82F9-027458B77BC3}</UniqueIdentifier>
    </Filter>
  </ItemGroup>
</Project>
